<?xml version="1.0" encoding="utf-8"?>
<Project ToolsVersion="18.0" xmlns="http://schemas.microsoft.com/developer/msbuild/2003">
  <ItemGroup>
    <CustomBuild Include="C:\workspace\cliMusic\xpu\build2\CMakeFiles\7a72ae14ef4265f26c458b47f015314d\test_benchmark.rule">
      <Filter>CMake Rules</Filter>
    </CustomBuild>
    <CustomBuild Include="C:\workspace\cliMusic\xpu\tests\CMakeLists.txt" />
  </ItemGroup>
  <ItemGroup>
    <None Include="C:\workspace\cliMusic\xpu\build2\tests\CMakeFiles\test_benchmark" />
  </ItemGroup>
  <ItemGroup>
    <Filter Include="CMake Rules">
      <UniqueIdentifier>{3A505DF3-7985-362E-B4F1-1D42797A4ABE}</UniqueIdentifier>
    </Filter>
  </ItemGroup>
</Project>
