<?xml version="1.0" encoding="utf-8"?>
<Project ToolsVersion="18.0" xmlns="http://schemas.microsoft.com/developer/msbuild/2003">
  <ItemGroup>
    <ClCompile Include="C:\workspace\cliMusic\xpu\src\lib\protocol\ErrorCode.cpp">
      <Filter>Source Files</Filter>
    </ClCompile>
    <ClCompile Include="C:\workspace\cliMusic\xpu\src\lib\protocol\ErrorResponse.cpp">
      <Filter>Source Files</Filter>
    </ClCompile>
    <ClCompile Include="C:\workspace\cliMusic\xpu\src\lib\utils\ConfigLoader.cpp">
      <Filter>Source Files</Filter>
    </ClCompile>
    <ClCompile Include="C:\workspace\cliMusic\xpu\src\lib\utils\ConfigValidator.cpp">
      <Filter>Source Files</Filter>
    </ClCompile>
    <ClCompile Include="C:\workspace\cliMusic\xpu\src\lib\utils\Logger.cpp">
      <Filter>Source Files</Filter>
    </ClCompile>
    <ClCompile Include="C:\workspace\cliMusic\xpu\src\lib\utils\PlatformUtils.cpp">
      <Filter>Source Files</Filter>
    </ClCompile>
    <ClCompile Include="C:\workspace\cliMusic\xpu\src\lib\audio\AudioFormat.cpp">
      <Filter>Source Files</Filter>
    </ClCompile>
    <ClCompile Include="C:\workspace\cliMusic\xpu\src\lib\audio\AudioMetadata.cpp">
      <Filter>Source Files</Filter>
    </ClCompile>
    <ClCompile Include="C:\workspace\cliMusic\xpu\src\lib\audio\AudioProperties.cpp">
      <Filter>Source Files</Filter>
    </ClCompile>
    <ClCompile Include="C:\workspace\cliMusic\xpu\src\lib\interfaces\IAudioFingerprint.cpp">
      <Filter>Source Files</Filter>
    </ClCompile>
    <ClCompile Include="C:\workspace\cliMusic\xpu\src\lib\interfaces\IAudioClassifier.cpp">
      <Filter>Source Files</Filter>
    </ClCompile>
    <ClCompile Include="C:\workspace\cliMusic\xpu\src\lib\interfaces\IAudioVisualizer.cpp">
      <Filter>Source Files</Filter>
    </ClCompile>
    <ClCompile Include="C:\workspace\cliMusic\xpu\src\lib\interfaces\IAdvancedDSP.cpp">
      <Filter>Source Files</Filter>
    </ClCompile>
    <ClCompile Include="C:\workspace\cliMusic\xpu\src\lib\interfaces\IMetadataProvider.cpp">
      <Filter>Source Files</Filter>
    </ClCompile>
    <ClCompile Include="C:\workspace\cliMusic\xpu\src\lib\interfaces\IAudioStreamer.cpp">
      <Filter>Source Files</Filter>
    </ClCompile>
    <ClCompile Include="C:\workspace\cliMusic\xpu\src\lib\interfaces\IDistributedCache.cpp">
      <Filter>Source Files</Filter>
    </ClCompile>
    <ClCompile Include="C:\workspace\cliMusic\xpu\src\lib\interfaces\INetworkAudio.cpp">
      <Filter>Source Files</Filter>
    </ClCompile>
  </ItemGroup>
  <ItemGroup>
    <CustomBuild Include="C:\workspace\cliMusic\xpu\src\lib\CMakeLists.txt" />
  </ItemGroup>
  <ItemGroup>
    <Natvis Include="C:\workspace\cliMusic\xpu\build2\_deps\json-src\nlohmann_json.natvis" />
  </ItemGroup>
  <ItemGroup>
    <Filter Include="Source Files">
      <UniqueIdentifier>{D61FA251-DF43-3EAD-87DA-DA95810598D2}</UniqueIdentifier>
    </Filter>
  </ItemGroup>
</Project>
